{
  "name": "easy-firewall-site",
  "version": "1.0.0",
  "lockfileVersion": 1,
  "requires": true,
  "dependencies": {
    "@pdulvp/httpquery": {
      "version": "2.0.0",
      "resolved": "https://npm.pkg.github.com/download/@pdulvp/httpquery/2.0.0/11774f8c75a8cde35f40d0c0b86a2d9e4fb8911692fa86952e1dfb597f8fcf86",
      "integrity": "sha512-bqAoYs0Lyq6wdKE1bUMwuKQsAM5uSphdxxRLLEKyBCd4ayyX2kHSC1xn/zLA7rP+jE3W2gs3a6P4lfoTv+la8A=="
    },
    "@pdulvp/require": {
      "version": "1.0.0",
      "resolved": "https://npm.pkg.github.com/download/@pdulvp/require/1.0.0/8fd64a0fa61f07e119aa61ac1294f045b8905a790fb5d72ece388bbe2da6516f",
      "integrity": "sha512-rOdM+o5t23CzWXrCHIRMLlqMTIEpKCrBZfuAnFEY47Bp5ybX+AGHxuQqRrT8w4nG5Au1Yl3K25dzXDC3EyIpUg=="
    }
  }
}
